
Microsoft Visual Studio Solution File, Format Version 12.00
# Visual Studio Version 17
VisualStudioVersion = 17.8.34330.188
MinimumVisualStudioVersion = 10.0.40219.1
Project("{FAE04EC0-301F-11D3-BF4B-00C04F79EFBC}") = "BlazorApp2", "BlazorApp2.csproj", "{EE2DD59D-5F21-4D65-BCDA-C0C33918A732}"
EndProject
Global
	GlobalSection(SolutionConfigurationPlatforms) = preSolution
		Debug|Any CPU = Debug|Any CPU
		Release|Any CPU = Release|Any CPU
	EndGlobalSection
	GlobalSection(ProjectConfigurationPlatforms) = postSolution
		{EE2DD59D-5F21-4D65-BCDA-C0C33918A732}.Debug|Any CPU.ActiveCfg = Debug|Any CPU
		{EE2DD59D-5F21-4D65-BCDA-C0C33918A732}.Debug|Any CPU.Build.0 = Debug|Any CPU
		{EE2DD59D-5F21-4D65-BCDA-C0C33918A732}.Release|Any CPU.ActiveCfg = Release|Any CPU
		{EE2DD59D-5F21-4D65-BCDA-C0C33918A732}.Release|Any CPU.Build.0 = Release|Any CPU
	EndGlobalSection
	GlobalSection(SolutionProperties) = preSolution
		HideSolutionNode = FALSE
	EndGlobalSection
	GlobalSection(ExtensibilityGlobals) = postSolution
		SolutionGuid = {B0051E0A-3C2C-402C-BA5E-E448C0A48A9F}
	EndGlobalSection
EndGlobal
